// !$*UTF8*$!
{
	archiveVersion = 1;
	classes = {
	};
	objectVersion = 56;
	objects = {

/* Begin PBXBuildFile section */
		AA52572C2B5330BB00F6F947 /* PutCommand.m in Sources */ = {isa = PBXBuildFile; fileRef = AA52572B2B5330BB00F6F947 /* PutCommand.m */; };
		AAB6E0192B4B6DAB00F60FAB /* main.m in Sources */ = {isa = PBXBuildFile; fileRef = AAB6E0182B4B6DAB00F60FAB /* main.m */; };
		AAB6E0232B4B832600F60FAB /* libhfs.a in Frameworks */ = {isa = PBXBuildFile; fileRef = AAB6E0222B4B832600F60FAB /* libhfs.a */; };
		AAF22F852B52FB30007F521F /* LsCommand.m in Sources */ = {isa = PBXBuildFile; fileRef = AAF22F842B52FB30007F521F /* LsCommand.m */; };
		AAF22F882B52FE4A007F521F /* util.m in Sources */ = {isa = PBXBuildFile; fileRef = AAF22F872B52FE4A007F521F /* util.m */; };
		AAF22F8B2B53076A007F521F /* GetCommand.m in Sources */ = {isa = PBXBuildFile; fileRef = AAF22F8A2B53076A007F521F /* GetCommand.m */; };
/* End PBXBuildFile section */

/* Begin PBXCopyFilesBuildPhase section */
		AAB6E0142B4B6DAB00F60FAB /* CopyFiles */ = {
			isa = PBXCopyFilesBuildPhase;
			buildActionMask = 2147483647;
			dstPath = /usr/share/man/man1/;
			dstSubfolderSpec = 0;
			files = (
			);
			runOnlyForDeploymentPostprocessing = 1;
		};
/* End PBXCopyFilesBuildPhase section */

/* Begin PBXFileReference section */
		AA52572A2B5330BB00F6F947 /* PutCommand.h */ = {isa = PBXFileReference; lastKnownFileType = sourcecode.c.h; path = PutCommand.h; sourceTree = "<group>"; };
		AA52572B2B5330BB00F6F947 /* PutCommand.m */ = {isa = PBXFileReference; lastKnownFileType = sourcecode.c.objc; path = PutCommand.m; sourceTree = "<group>"; };
		AAB6E0162B4B6DAB00F60FAB /* hfs */ = {isa = PBXFileReference; explicitFileType = "compiled.mach-o.executable"; includeInIndex = 0; path = hfs; sourceTree = BUILT_PRODUCTS_DIR; };
		AAB6E0182B4B6DAB00F60FAB /* main.m */ = {isa = PBXFileReference; lastKnownFileType = sourcecode.c.objc; path = main.m; sourceTree = "<group>"; };
		AAB6E01F2B4B6DF700F60FAB /* libhfs */ = {isa = PBXFileReference; lastKnownFileType = folder; path = libhfs; sourceTree = "<group>"; };
		AAB6E0222B4B832600F60FAB /* libhfs.a */ = {isa = PBXFileReference; lastKnownFileType = archive.ar; name = libhfs.a; path = libhfs/libhfs.a; sourceTree = "<group>"; };
		AAF22F822B52FA8D007F521F /* Command.h */ = {isa = PBXFileReference; lastKnownFileType = sourcecode.c.h; path = Command.h; sourceTree = "<group>"; };
		AAF22F832B52FB30007F521F /* LsCommand.h */ = {isa = PBXFileReference; lastKnownFileType = sourcecode.c.h; path = LsCommand.h; sourceTree = "<group>"; };
		AAF22F842B52FB30007F521F /* LsCommand.m */ = {isa = PBXFileReference; lastKnownFileType = sourcecode.c.objc; path = LsCommand.m; sourceTree = "<group>"; };
		AAF22F862B52FE4A007F521F /* util.h */ = {isa = PBXFileReference; lastKnownFileType = sourcecode.c.h; path = util.h; sourceTree = "<group>"; };
		AAF22F872B52FE4A007F521F /* util.m */ = {isa = PBXFileReference; lastKnownFileType = sourcecode.c.objc; path = util.m; sourceTree = "<group>"; };
		AAF22F892B53076A007F521F /* GetCommand.h */ = {isa = PBXFileReference; lastKnownFileType = sourcecode.c.h; path = GetCommand.h; sourceTree = "<group>"; };
		AAF22F8A2B53076A007F521F /* GetCommand.m */ = {isa = PBXFileReference; lastKnownFileType = sourcecode.c.objc; path = GetCommand.m; sourceTree = "<group>"; };
/* End PBXFileReference section */

/* Begin PBXFrameworksBuildPhase section */
		AAB6E0132B4B6DAB00F60FAB /* Frameworks */ = {
			isa = PBXFrameworksBuildPhase;
			buildActionMask = 2147483647;
			files = (
				AAB6E0232B4B832600F60FAB /* libhfs.a in Frameworks */,
			);
			runOnlyForDeploymentPostprocessing = 0;
		};
/* End PBXFrameworksBuildPhase section */

/* Begin PBXGroup section */
		AA5E59BD2B4B67C300C31DF7 = {
			isa = PBXGroup;
			children = (
				AAB6E01F2B4B6DF700F60FAB /* libhfs */,
				AAB6E01D2B4B6DB900F60FAB /* New Group */,
				AAB6E0172B4B6DAB00F60FAB /* cli */,
				AA5E59C72B4B67C300C31DF7 /* Products */,
				AAB6E0212B4B832600F60FAB /* Frameworks */,
			);
			sourceTree = "<group>";
		};
		AA5E59C72B4B67C300C31DF7 /* Products */ = {
			isa = PBXGroup;
			children = (
				AAB6E0162B4B6DAB00F60FAB /* hfs */,
			);
			name = Products;
			sourceTree = "<group>";
		};
		AAB6E0172B4B6DAB00F60FAB /* cli */ = {
			isa = PBXGroup;
			children = (
				AAB6E0182B4B6DAB00F60FAB /* main.m */,
				AAF22F822B52FA8D007F521F /* Command.h */,
				AAF22F832B52FB30007F521F /* LsCommand.h */,
				AAF22F842B52FB30007F521F /* LsCommand.m */,
				AAF22F862B52FE4A007F521F /* util.h */,
				AAF22F872B52FE4A007F521F /* util.m */,
				AAF22F892B53076A007F521F /* GetCommand.h */,
				AAF22F8A2B53076A007F521F /* GetCommand.m */,
				AA52572A2B5330BB00F6F947 /* PutCommand.h */,
				AA52572B2B5330BB00F6F947 /* PutCommand.m */,
			);
			path = cli;
			sourceTree = "<group>";
		};
		AAB6E01D2B4B6DB900F60FAB /* New Group */ = {
			isa = PBXGroup;
			children = (
			);
			path = "New Group";
			sourceTree = "<group>";
		};
		AAB6E0212B4B832600F60FAB /* Frameworks */ = {
			isa = PBXGroup;
			children = (
				AAB6E0222B4B832600F60FAB /* libhfs.a */,
			);
			name = Frameworks;
			sourceTree = "<group>";
		};
/* End PBXGroup section */

/* Begin PBXNativeTarget section */
		AAB6E0152B4B6DAB00F60FAB /* cli */ = {
			isa = PBXNativeTarget;
			buildConfigurationList = AAB6E01A2B4B6DAB00F60FAB /* Build configuration list for PBXNativeTarget "cli" */;
			buildPhases = (
				AAB6E0122B4B6DAB00F60FAB /* Sources */,
				AAB6E0132B4B6DAB00F60FAB /* Frameworks */,
				AAB6E0142B4B6DAB00F60FAB /* CopyFiles */,
			);
			buildRules = (
			);
			dependencies = (
			);
			name = cli;
			productName = hfs;
			productReference = AAB6E0162B4B6DAB00F60FAB /* hfs */;
			productType = "com.apple.product-type.tool";
		};
/* End PBXNativeTarget section */

/* Begin PBXProject section */
		AA5E59BE2B4B67C300C31DF7 /* Project object */ = {
			isa = PBXProject;
			attributes = {
				BuildIndependentTargetsInParallel = 1;
				LastUpgradeCheck = 1420;
				TargetAttributes = {
					AAB6E0152B4B6DAB00F60FAB = {
						CreatedOnToolsVersion = 14.2;
					};
				};
			};
			buildConfigurationList = AA5E59C12B4B67C300C31DF7 /* Build configuration list for PBXProject "hfs" */;
			compatibilityVersion = "Xcode 14.0";
			developmentRegion = en;
			hasScannedForEncodings = 0;
			knownRegions = (
				en,
				Base,
			);
			mainGroup = AA5E59BD2B4B67C300C31DF7;
			productRefGroup = AA5E59C72B4B67C300C31DF7 /* Products */;
			projectDirPath = "";
			projectRoot = "";
			targets = (
				AAB6E0152B4B6DAB00F60FAB /* cli */,
			);
		};
/* End PBXProject section */

/* Begin PBXSourcesBuildPhase section */
		AAB6E0122B4B6DAB00F60FAB /* Sources */ = {
			isa = PBXSourcesBuildPhase;
			buildActionMask = 2147483647;
			files = (
				AAF22F882B52FE4A007F521F /* util.m in Sources */,
				AAF22F852B52FB30007F521F /* LsCommand.m in Sources */,
				AAF22F8B2B53076A007F521F /* GetCommand.m in Sources */,
				AA52572C2B5330BB00F6F947 /* PutCommand.m in Sources */,
				AAB6E0192B4B6DAB00F60FAB /* main.m in Sources */,
			);
			runOnlyForDeploymentPostprocessing = 0;
		};
/* End PBXSourcesBuildPhase section */

/* Begin XCBuildConfiguration section */
		AA5E59CB2B4B67C300C31DF7 /* Debug */ = {
			isa = XCBuildConfiguration;
			buildSettings = {
				ALWAYS_SEARCH_USER_PATHS = NO;
				CLANG_ANALYZER_NONNULL = YES;
				CLANG_ANALYZER_NUMBER_OBJECT_CONVERSION = YES_AGGRESSIVE;
				CLANG_CXX_LANGUAGE_STANDARD = "gnu++20";
				CLANG_ENABLE_MODULES = YES;
				CLANG_ENABLE_OBJC_ARC = YES;
				CLANG_ENABLE_OBJC_WEAK = YES;
				CLANG_WARN_BLOCK_CAPTURE_AUTORELEASING = YES;
				CLANG_WARN_BOOL_CONVERSION = YES;
				CLANG_WARN_COMMA = YES;
				CLANG_WARN_CONSTANT_CONVERSION = YES;
				CLANG_WARN_DEPRECATED_OBJC_IMPLEMENTATIONS = YES;
				CLANG_WARN_DIRECT_OBJC_ISA_USAGE = YES_ERROR;
				CLANG_WARN_DOCUMENTATION_COMMENTS = YES;
				CLANG_WARN_EMPTY_BODY = YES;
				CLANG_WARN_ENUM_CONVERSION = YES;
				CLANG_WARN_INFINITE_RECURSION = YES;
				CLANG_WARN_INT_CONVERSION = YES;
				CLANG_WARN_NON_LITERAL_NULL_CONVERSION = YES;
				CLANG_WARN_OBJC_IMPLICIT_RETAIN_SELF = YES;
				CLANG_WARN_OBJC_LITERAL_CONVERSION = YES;
				CLANG_WARN_OBJC_ROOT_CLASS = YES_ERROR;
				CLANG_WARN_QUOTED_INCLUDE_IN_FRAMEWORK_HEADER = YES;
				CLANG_WARN_RANGE_LOOP_ANALYSIS = YES;
				CLANG_WARN_STRICT_PROTOTYPES = YES;
				CLANG_WARN_SUSPICIOUS_MOVE = YES;
				CLANG_WARN_UNGUARDED_AVAILABILITY = YES_AGGRESSIVE;
				CLANG_WARN_UNREACHABLE_CODE = YES;
				CLANG_WARN__DUPLICATE_METHOD_MATCH = YES;
				COPY_PHASE_STRIP = NO;
				DEBUG_INFORMATION_FORMAT = dwarf;
				ENABLE_STRICT_OBJC_MSGSEND = YES;
				ENABLE_TESTABILITY = YES;
				GCC_C_LANGUAGE_STANDARD = gnu11;
				GCC_DYNAMIC_NO_PIC = NO;
				GCC_NO_COMMON_BLOCKS = YES;
				GCC_OPTIMIZATION_LEVEL = 0;
				GCC_PREPROCESSOR_DEFINITIONS = (
					"DEBUG=1",
					"$(inherited)",
				);
				GCC_WARN_64_TO_32_BIT_CONVERSION = YES;
				GCC_WARN_ABOUT_RETURN_TYPE = YES_ERROR;
				GCC_WARN_UNDECLARED_SELECTOR = YES;
				GCC_WARN_UNINITIALIZED_AUTOS = YES_AGGRESSIVE;
				GCC_WARN_UNUSED_FUNCTION = YES;
				GCC_WARN_UNUSED_VARIABLE = YES;
				HEADER_SEARCH_PATHS = "";
				MACOSX_DEPLOYMENT_TARGET = 12.6;
				MTL_ENABLE_DEBUG_INFO = INCLUDE_SOURCE;
				MTL_FAST_MATH = YES;
				ONLY_ACTIVE_ARCH = YES;
				SDKROOT = macosx;
			};
			name = Debug;
		};
		AA5E59CC2B4B67C300C31DF7 /* Release */ = {
			isa = XCBuildConfiguration;
			buildSettings = {
				ALWAYS_SEARCH_USER_PATHS = NO;
				CLANG_ANALYZER_NONNULL = YES;
				CLANG_ANALYZER_NUMBER_OBJECT_CONVERSION = YES_AGGRESSIVE;
				CLANG_CXX_LANGUAGE_STANDARD = "gnu++20";
				CLANG_ENABLE_MODULES = YES;
				CLANG_ENABLE_OBJC_ARC = YES;
				CLANG_ENABLE_OBJC_WEAK = YES;
				CLANG_WARN_BLOCK_CAPTURE_AUTORELEASING = YES;
				CLANG_WARN_BOOL_CONVERSION = YES;
				CLANG_WARN_COMMA = YES;
				CLANG_WARN_CONSTANT_CONVERSION = YES;
				CLANG_WARN_DEPRECATED_OBJC_IMPLEMENTATIONS = YES;
				CLANG_WARN_DIRECT_OBJC_ISA_USAGE = YES_ERROR;
				CLANG_WARN_DOCUMENTATION_COMMENTS = YES;
				CLANG_WARN_EMPTY_BODY = YES;
				CLANG_WARN_ENUM_CONVERSION = YES;
				CLANG_WARN_INFINITE_RECURSION = YES;
				CLANG_WARN_INT_CONVERSION = YES;
				CLANG_WARN_NON_LITERAL_NULL_CONVERSION = YES;
				CLANG_WARN_OBJC_IMPLICIT_RETAIN_SELF = YES;
				CLANG_WARN_OBJC_LITERAL_CONVERSION = YES;
				CLANG_WARN_OBJC_ROOT_CLASS = YES_ERROR;
				CLANG_WARN_QUOTED_INCLUDE_IN_FRAMEWORK_HEADER = YES;
				CLANG_WARN_RANGE_LOOP_ANALYSIS = YES;
				CLANG_WARN_STRICT_PROTOTYPES = YES;
				CLANG_WARN_SUSPICIOUS_MOVE = YES;
				CLANG_WARN_UNGUARDED_AVAILABILITY = YES_AGGRESSIVE;
				CLANG_WARN_UNREACHABLE_CODE = YES;
				CLANG_WARN__DUPLICATE_METHOD_MATCH = YES;
				COPY_PHASE_STRIP = NO;
				DEBUG_INFORMATION_FORMAT = "dwarf-with-dsym";
				ENABLE_NS_ASSERTIONS = NO;
				ENABLE_STRICT_OBJC_MSGSEND = YES;
				GCC_C_LANGUAGE_STANDARD = gnu11;
				GCC_NO_COMMON_BLOCKS = YES;
				GCC_WARN_64_TO_32_BIT_CONVERSION = YES;
				GCC_WARN_ABOUT_RETURN_TYPE = YES_ERROR;
				GCC_WARN_UNDECLARED_SELECTOR = YES;
				GCC_WARN_UNINITIALIZED_AUTOS = YES_AGGRESSIVE;
				GCC_WARN_UNUSED_FUNCTION = YES;
				GCC_WARN_UNUSED_VARIABLE = YES;
				HEADER_SEARCH_PATHS = "";
				MACOSX_DEPLOYMENT_TARGET = 12.6;
				MTL_ENABLE_DEBUG_INFO = NO;
				MTL_FAST_MATH = YES;
				SDKROOT = macosx;
			};
			name = Release;
		};
		AAB6E01B2B4B6DAB00F60FAB /* Debug */ = {
			isa = XCBuildConfiguration;
			buildSettings = {
				CODE_SIGN_STYLE = Automatic;
				GCC_TREAT_WARNINGS_AS_ERRORS = YES;
				LIBRARY_SEARCH_PATHS = (
					"$(inherited)",
					"$(PROJECT_DIR)/libhfs",
				);
				PRODUCT_NAME = hfs;
			};
			name = Debug;
		};
		AAB6E01C2B4B6DAB00F60FAB /* Release */ = {
			isa = XCBuildConfiguration;
			buildSettings = {
				CODE_SIGN_STYLE = Automatic;
				GCC_TREAT_WARNINGS_AS_ERRORS = YES;
				LIBRARY_SEARCH_PATHS = (
					"$(inherited)",
					"$(PROJECT_DIR)/libhfs",
				);
				PRODUCT_NAME = "$(TARGET_NAME)";
			};
			name = Release;
		};
/* End XCBuildConfiguration section */

/* Begin XCConfigurationList section */
		AA5E59C12B4B67C300C31DF7 /* Build configuration list for PBXProject "hfs" */ = {
			isa = XCConfigurationList;
			buildConfigurations = (
				AA5E59CB2B4B67C300C31DF7 /* Debug */,
				AA5E59CC2B4B67C300C31DF7 /* Release */,
			);
			defaultConfigurationIsVisible = 0;
			defaultConfigurationName = Release;
		};
		AAB6E01A2B4B6DAB00F60FAB /* Build configuration list for PBXNativeTarget "cli" */ = {
			isa = XCConfigurationList;
			buildConfigurations = (
				AAB6E01B2B4B6DAB00F60FAB /* Debug */,
				AAB6E01C2B4B6DAB00F60FAB /* Release */,
			);
			defaultConfigurationIsVisible = 0;
			defaultConfigurationName = Release;
		};
/* End XCConfigurationList section */
	};
	rootObject = AA5E59BE2B4B67C300C31DF7 /* Project object */;
}
